{
  "name": "dataform-github-repo",
  "lockfileVersion": 2,
  "requires": true,
  "packages": {
    "": {
      "name": "dataform-github-repo",
      "dependencies": {
        "@dataform/core": "2.8.3",
        "dataform-expectations": "https://github.com/ota2000/dataform-expectations/archive/refs/tags/0.0.1.tar.gz"
      }
    },
    "node_modules/@dataform/core": {
      "version": "2.8.3",
      "resolved": "https://registry.npmjs.org/@dataform/core/-/core-2.8.3.tgz",
      "integrity": "sha512-YNWMIJYxhEURICf3+7Oxi4X2ZyNtSd7guGwE9F1gRfqMXuAPFxWGU1IUUEzRPEXDOjThW5bNBm8hLESKRtkLHg=="
    },
    "node_modules/dataform-expectations": {
      "resolved": "https://github.com/ota2000/dataform-expectations/archive/refs/tags/0.0.1.tar.gz",
      "integrity": "sha512-zqn9YmTfqvkaZ2AoD4AJV+ZVKseQQnC+dWZZS84d+mO6HCUI3XI+0FwuU/dWtBjLSE0gbW1UejzgH1hKtkaXjA==",
      "dependencies": {
        "@dataform/core": "2.9.0",
        "dataform-expectations": "https://github.com/ota2000/dataform-expectations/archive/refs/tags/0.0.1.tar.gz"
      }
    },
    "node_modules/dataform-expectations/node_modules/@dataform/core": {
      "version": "2.9.0",
      "resolved": "https://registry.npmjs.org/@dataform/core/-/core-2.9.0.tgz",
      "integrity": "sha512-S0aJMpof0uxL7Sodi7CH3ewlN83NFm0kRDvWoBfc0prw/a5wVIAY1LZWeg/6icqKPUw5b5xWn2ub82YrD8zVTg=="
    }
  },
  "dependencies": {
    "@dataform/core": {
      "version": "2.8.3",
      "resolved": "https://registry.npmjs.org/@dataform/core/-/core-2.8.3.tgz",
      "integrity": "sha512-YNWMIJYxhEURICf3+7Oxi4X2ZyNtSd7guGwE9F1gRfqMXuAPFxWGU1IUUEzRPEXDOjThW5bNBm8hLESKRtkLHg=="
    },
    "dataform-expectations": {
      "version": "https://github.com/ota2000/dataform-expectations/archive/refs/tags/0.0.1.tar.gz",
      "integrity": "sha512-zqn9YmTfqvkaZ2AoD4AJV+ZVKseQQnC+dWZZS84d+mO6HCUI3XI+0FwuU/dWtBjLSE0gbW1UejzgH1hKtkaXjA==",
      "requires": {
        "@dataform/core": "2.9.0",
        "dataform-expectations": "https://github.com/ota2000/dataform-expectations/archive/refs/tags/0.0.1.tar.gz"
      },
      "dependencies": {
        "@dataform/core": {
          "version": "2.9.0",
          "resolved": "https://registry.npmjs.org/@dataform/core/-/core-2.9.0.tgz",
          "integrity": "sha512-S0aJMpof0uxL7Sodi7CH3ewlN83NFm0kRDvWoBfc0prw/a5wVIAY1LZWeg/6icqKPUw5b5xWn2ub82YrD8zVTg=="
        }
      }
    }
  }
}
